
Microsoft Visual Studio Solution File, Format Version 12.00
# Visual Studio Version 17
VisualStudioVersion = 17.0.31903.59
MinimumVisualStudioVersion = 10.0.40219.1
Project("{FAE04EC0-301F-11D3-BF4B-00C04F79EFBC}") = "ParserCore", "ParserCore\ParserCore.csproj", "{201F22CE-6FF6-494A-8359-5E121EFD1813}"
EndProject
Project("{FAE04EC0-301F-11D3-BF4B-00C04F79EFBC}") = "IterTests", "IterTests\IterTests.csproj", "{5C2D4346-E12E-423C-94FE-7F7254560291}"
EndProject
Project("{FAE04EC0-301F-11D3-BF4B-00C04F79EFBC}") = "UI", "UI\UI.csproj", "{72D0DDB7-BFF0-4CF5-BE51-A3C8FE748AFB}"
EndProject
Project("{FAE04EC0-301F-11D3-BF4B-00C04F79EFBC}") = "TreeBuilder", "TreeBuilder\TreeBuilder.csproj", "{D42CC360-4FFF-4EEA-8AD2-44A0EE9719CC}"
EndProject
Global
	GlobalSection(SolutionConfigurationPlatforms) = preSolution
		Debug|Any CPU = Debug|Any CPU
		Release|Any CPU = Release|Any CPU
	EndGlobalSection
	GlobalSection(SolutionProperties) = preSolution
		HideSolutionNode = FALSE
	EndGlobalSection
	GlobalSection(ProjectConfigurationPlatforms) = postSolution
		{201F22CE-6FF6-494A-8359-5E121EFD1813}.Debug|Any CPU.ActiveCfg = Debug|Any CPU
		{201F22CE-6FF6-494A-8359-5E121EFD1813}.Debug|Any CPU.Build.0 = Debug|Any CPU
		{201F22CE-6FF6-494A-8359-5E121EFD1813}.Release|Any CPU.ActiveCfg = Release|Any CPU
		{201F22CE-6FF6-494A-8359-5E121EFD1813}.Release|Any CPU.Build.0 = Release|Any CPU
		{5C2D4346-E12E-423C-94FE-7F7254560291}.Debug|Any CPU.ActiveCfg = Debug|Any CPU
		{5C2D4346-E12E-423C-94FE-7F7254560291}.Debug|Any CPU.Build.0 = Debug|Any CPU
		{5C2D4346-E12E-423C-94FE-7F7254560291}.Release|Any CPU.ActiveCfg = Release|Any CPU
		{5C2D4346-E12E-423C-94FE-7F7254560291}.Release|Any CPU.Build.0 = Release|Any CPU
		{72D0DDB7-BFF0-4CF5-BE51-A3C8FE748AFB}.Debug|Any CPU.ActiveCfg = Debug|Any CPU
		{72D0DDB7-BFF0-4CF5-BE51-A3C8FE748AFB}.Debug|Any CPU.Build.0 = Debug|Any CPU
		{72D0DDB7-BFF0-4CF5-BE51-A3C8FE748AFB}.Release|Any CPU.ActiveCfg = Release|Any CPU
		{72D0DDB7-BFF0-4CF5-BE51-A3C8FE748AFB}.Release|Any CPU.Build.0 = Release|Any CPU
		{996B07F0-FF3F-45AE-B5C9-6D53DC9465BE}.Debug|Any CPU.ActiveCfg = Debug|Any CPU
		{996B07F0-FF3F-45AE-B5C9-6D53DC9465BE}.Debug|Any CPU.Build.0 = Debug|Any CPU
		{996B07F0-FF3F-45AE-B5C9-6D53DC9465BE}.Release|Any CPU.ActiveCfg = Release|Any CPU
		{996B07F0-FF3F-45AE-B5C9-6D53DC9465BE}.Release|Any CPU.Build.0 = Release|Any CPU
		{D42CC360-4FFF-4EEA-8AD2-44A0EE9719CC}.Debug|Any CPU.ActiveCfg = Debug|Any CPU
		{D42CC360-4FFF-4EEA-8AD2-44A0EE9719CC}.Debug|Any CPU.Build.0 = Debug|Any CPU
		{D42CC360-4FFF-4EEA-8AD2-44A0EE9719CC}.Release|Any CPU.ActiveCfg = Release|Any CPU
		{D42CC360-4FFF-4EEA-8AD2-44A0EE9719CC}.Release|Any CPU.Build.0 = Release|Any CPU
	EndGlobalSection
EndGlobal
